github.com/jessevdk/go-flags v1.4.0/go.mod h1:4FA24M0QyGHXBuZZK/XkWh8h0e1EYbRYJSGM75WSRxI=
github.com/logank/ampache v0.0.0-20221218080849-e61f0d2acc1d h1:dmdpfBR9ZuQLDmEiaBtKYS8XFDK9UVDIzjDJHT+eIK4=
github.com/logank/ampache v0.0.0-20221218080849-e61f0d2acc1d/go.mod h1:hgzRnctFd/6aycU/Pxr4/aJBnsVwTLArm2/sI0vGBsQ=
github.com/logank/ampache v0.9.0 h1:0Lf1dqOV7kyPnSJnoM6Cle+pwAXX/lfz3el7saf4MUg=
github.com/logank/ampache v0.9.0/go.mod h1:hgzRnctFd/6aycU/Pxr4/aJBnsVwTLArm2/sI0vGBsQ=
gopkg.in/check.v1 v0.0.0-20161208181325-20d25e280405/go.mod h1:Co6ibVJAznAaIkqp8huTwlJQCZ016jof/cbN4VW5Yz0=
gopkg.in/yaml.v1 v1.0.0-20140924161607-9f9df34309c0/go.mod h1:WDnlLJ4WF5VGsH/HVa3CI79GS0ol3YnhVnKP89i0kNg=
howett.net/plist v1.0.0 h1:7CrbWYbPPO/PyNy38b2EB/+gYbjCe2DXBxgtOOZbSQM=
howett.net/plist v1.0.0/go.mod h1:lqaXoTrLY4hg8tnEzNru53gicrbv7rrk+2xJA/7hw9g=
